# This file is autogenerated, do not edit; changes may be undone by the next 'dep ensure'.


[[projects]]
  branch = "master"
  name = "github.com/alecthomas/log4go"
  packages = ["."]
  revision = "d146e6b86faab5f7e4d135cc63b749d74bf0d4a6"

[[projects]]
  name = "github.com/mikemintang/go-curl"
  packages = ["."]
  revision = "a95fdeecc90777c69405ad2f9be7469581cce38a"
  version = "v0.1.0"

[[projects]]
  name = "github.com/tealeg/xlsx"
  packages = ["."]
  revision = "8be35264fa75a1bbe954ce51eba04f273e2c59e5"
  version = "v1.0.3"

[solve-meta]
  analyzer-name = "dep"
  analyzer-version = 1
  inputs-digest = "b77e7bc803da537fc595ed5dbbabf59de74be0190fde48b6561520718adb562e"
  solver-name = "gps-cdcl"
  solver-version = 1
